
Microsoft Visual Studio Solution File, Format Version 12.00
Project("{FAE04EC0-301F-11D3-BF4B-00C04F79EFBC}") = "BancoApi", "BancoApi\BancoApi.csproj", "{FD812E8C-947D-4F60-A8B6-08B6DFFC2306}"
EndProject
Global
	GlobalSection(SolutionConfigurationPlatforms) = preSolution
		Debug|Any CPU = Debug|Any CPU
		Release|Any CPU = Release|Any CPU
	EndGlobalSection
	GlobalSection(ProjectConfigurationPlatforms) = postSolution
		{FD812E8C-947D-4F60-A8B6-08B6DFFC2306}.Debug|Any CPU.ActiveCfg = Debug|Any CPU
		{FD812E8C-947D-4F60-A8B6-08B6DFFC2306}.Debug|Any CPU.Build.0 = Debug|Any CPU
		{FD812E8C-947D-4F60-A8B6-08B6DFFC2306}.Release|Any CPU.ActiveCfg = Release|Any CPU
		{FD812E8C-947D-4F60-A8B6-08B6DFFC2306}.Release|Any CPU.Build.0 = Release|Any CPU
	EndGlobalSection
EndGlobal
